PODS:
  - Apollo (0.9.3):
    - Apollo/Core (= 0.9.3)
  - Apollo/Core (0.9.3)

DEPENDENCIES:
  - Apollo (= 0.9.3)

SPEC REPOS:
  https://github.com/cocoapods/specs.git:
    - Apollo

SPEC CHECKSUMS:
  Apollo: 38270f8bdc031ac07d4de3ec068a2289d7d287e0

PODFILE CHECKSUM: 6b68d44173a3c6ade81e7c0bf3a3c51c24c4f200

COCOAPODS: 1.7.3
